{
  "requires": true,
  "lockfileVersion": 1,
  "dependencies": {
    "@react-native-community/masked-view": {
      "version": "0.1.6",
      "resolved": "https://registry.npmjs.org/@react-native-community/masked-view/-/masked-view-0.1.6.tgz",
      "integrity": "sha512-PpMoeXwPUoldCRKDuSi+zK5rT+sJTW6ri6RdGPkSKRzU77Q1d9IaR0O5IKvBj0XSdL3p+dcOa05gk35aGDffBQ=="
    }
  }
}
